
Microsoft Visual Studio Solution File, Format Version 12.00
# Visual Studio Version 17
VisualStudioVersion = 17.1.32407.343
MinimumVisualStudioVersion = 10.0.40219.1
Project("{FAE04EC0-301F-11D3-BF4B-00C04F79EFBC}") = "Assignment2", "Assignment2\Assignment2.csproj", "{84D3F3B9-F729-41DD-8AD4-3B6229B2971C}"
EndProject
Global
	GlobalSection(SolutionConfigurationPlatforms) = preSolution
		Debug|Any CPU = Debug|Any CPU
		Release|Any CPU = Release|Any CPU
	EndGlobalSection
	GlobalSection(ProjectConfigurationPlatforms) = postSolution
		{84D3F3B9-F729-41DD-8AD4-3B6229B2971C}.Debug|Any CPU.ActiveCfg = Debug|Any CPU
		{84D3F3B9-F729-41DD-8AD4-3B6229B2971C}.Debug|Any CPU.Build.0 = Debug|Any CPU
		{84D3F3B9-F729-41DD-8AD4-3B6229B2971C}.Release|Any CPU.ActiveCfg = Release|Any CPU
		{84D3F3B9-F729-41DD-8AD4-3B6229B2971C}.Release|Any CPU.Build.0 = Release|Any CPU
	EndGlobalSection
	GlobalSection(SolutionProperties) = preSolution
		HideSolutionNode = FALSE
	EndGlobalSection
	GlobalSection(ExtensibilityGlobals) = postSolution
		SolutionGuid = {3E452868-9A63-45BE-92B6-BE0FE9F10E95}
	EndGlobalSection
EndGlobal
