
Microsoft Visual Studio Solution File, Format Version 12.00
# Visual Studio Version 17
VisualStudioVersion = 17.1.32414.318
MinimumVisualStudioVersion = 10.0.40219.1
Project("{FAE04EC0-301F-11D3-BF4B-00C04F79EFBC}") = "WebApplicationdemo", "WebApplicationdemo\WebApplicationdemo.csproj", "{3FBCDDC2-5AAC-40C7-965C-5506921FB8B7}"
EndProject
Global
	GlobalSection(SolutionConfigurationPlatforms) = preSolution
		Debug|Any CPU = Debug|Any CPU
		Release|Any CPU = Release|Any CPU
	EndGlobalSection
	GlobalSection(ProjectConfigurationPlatforms) = postSolution
		{3FBCDDC2-5AAC-40C7-965C-5506921FB8B7}.Debug|Any CPU.ActiveCfg = Debug|Any CPU
		{3FBCDDC2-5AAC-40C7-965C-5506921FB8B7}.Debug|Any CPU.Build.0 = Debug|Any CPU
		{3FBCDDC2-5AAC-40C7-965C-5506921FB8B7}.Release|Any CPU.ActiveCfg = Release|Any CPU
		{3FBCDDC2-5AAC-40C7-965C-5506921FB8B7}.Release|Any CPU.Build.0 = Release|Any CPU
	EndGlobalSection
	GlobalSection(SolutionProperties) = preSolution
		HideSolutionNode = FALSE
	EndGlobalSection
	GlobalSection(ExtensibilityGlobals) = postSolution
		SolutionGuid = {4F44903D-A130-4EDC-86E2-7D81F83BABF2}
	EndGlobalSection
EndGlobal
