
Microsoft Visual Studio Solution File, Format Version 12.00
# Visual Studio Version 17
VisualStudioVersion = 17.1.32407.343
MinimumVisualStudioVersion = 10.0.40219.1
Project("{FAE04EC0-301F-11D3-BF4B-00C04F79EFBC}") = "adodemo", "adodemo\adodemo.csproj", "{93AD4819-B205-4B5A-865A-6AEFC62C5E0D}"
EndProject
Global
	GlobalSection(SolutionConfigurationPlatforms) = preSolution
		Debug|Any CPU = Debug|Any CPU
		Release|Any CPU = Release|Any CPU
	EndGlobalSection
	GlobalSection(ProjectConfigurationPlatforms) = postSolution
		{93AD4819-B205-4B5A-865A-6AEFC62C5E0D}.Debug|Any CPU.ActiveCfg = Debug|Any CPU
		{93AD4819-B205-4B5A-865A-6AEFC62C5E0D}.Debug|Any CPU.Build.0 = Debug|Any CPU
		{93AD4819-B205-4B5A-865A-6AEFC62C5E0D}.Release|Any CPU.ActiveCfg = Release|Any CPU
		{93AD4819-B205-4B5A-865A-6AEFC62C5E0D}.Release|Any CPU.Build.0 = Release|Any CPU
	EndGlobalSection
	GlobalSection(SolutionProperties) = preSolution
		HideSolutionNode = FALSE
	EndGlobalSection
	GlobalSection(ExtensibilityGlobals) = postSolution
		SolutionGuid = {DFF4A5EF-A73C-4605-9FA0-8B8EF05D575E}
	EndGlobalSection
EndGlobal
