
Microsoft Visual Studio Solution File, Format Version 12.00
# Visual Studio Version 17
VisualStudioVersion = 17.1.32414.318
MinimumVisualStudioVersion = 10.0.40219.1
Project("{FAE04EC0-301F-11D3-BF4B-00C04F79EFBC}") = "Day6Mvc", "Day6Mvc\Day6Mvc.csproj", "{31196D6F-F897-4F86-9D07-4DEA4DE31A56}"
EndProject
Global
	GlobalSection(SolutionConfigurationPlatforms) = preSolution
		Debug|Any CPU = Debug|Any CPU
		Release|Any CPU = Release|Any CPU
	EndGlobalSection
	GlobalSection(ProjectConfigurationPlatforms) = postSolution
		{31196D6F-F897-4F86-9D07-4DEA4DE31A56}.Debug|Any CPU.ActiveCfg = Debug|Any CPU
		{31196D6F-F897-4F86-9D07-4DEA4DE31A56}.Debug|Any CPU.Build.0 = Debug|Any CPU
		{31196D6F-F897-4F86-9D07-4DEA4DE31A56}.Release|Any CPU.ActiveCfg = Release|Any CPU
		{31196D6F-F897-4F86-9D07-4DEA4DE31A56}.Release|Any CPU.Build.0 = Release|Any CPU
	EndGlobalSection
	GlobalSection(SolutionProperties) = preSolution
		HideSolutionNode = FALSE
	EndGlobalSection
	GlobalSection(ExtensibilityGlobals) = postSolution
		SolutionGuid = {00128B08-1588-418A-A18F-67E6A21B7F72}
	EndGlobalSection
EndGlobal
